
Microsoft Visual Studio Solution File, Format Version 12.00
# Visual Studio Version 16
VisualStudioVersion = 16.0.29519.87
MinimumVisualStudioVersion = 10.0.40219.1
Project("{FAE04EC0-301F-11D3-BF4B-00C04F79EFBC}") = "AthosWPF", "AthosWPF\AthosWPF.csproj", "{63642E76-FB4B-45E4-9F2F-4FAE4AA95CBC}"
EndProject
Global
	GlobalSection(SolutionConfigurationPlatforms) = preSolution
		Debug|Any CPU = Debug|Any CPU
		Release|Any CPU = Release|Any CPU
	EndGlobalSection
	GlobalSection(ProjectConfigurationPlatforms) = postSolution
		{63642E76-FB4B-45E4-9F2F-4FAE4AA95CBC}.Debug|Any CPU.ActiveCfg = Debug|Any CPU
		{63642E76-FB4B-45E4-9F2F-4FAE4AA95CBC}.Debug|Any CPU.Build.0 = Debug|Any CPU
		{63642E76-FB4B-45E4-9F2F-4FAE4AA95CBC}.Release|Any CPU.ActiveCfg = Release|Any CPU
		{63642E76-FB4B-45E4-9F2F-4FAE4AA95CBC}.Release|Any CPU.Build.0 = Release|Any CPU
	EndGlobalSection
	GlobalSection(SolutionProperties) = preSolution
		HideSolutionNode = FALSE
	EndGlobalSection
	GlobalSection(ExtensibilityGlobals) = postSolution
		SolutionGuid = {DE1B1D11-A841-44CF-9AB8-22A226B88F31}
	EndGlobalSection
EndGlobal
